
Microsoft Visual Studio Solution File, Format Version 12.00
# Visual Studio Version 17
VisualStudioVersion = 17.3.32929.385
MinimumVisualStudioVersion = 10.0.40219.1
Project("{FAE04EC0-301F-11D3-BF4B-00C04F79EFBC}") = "UsernameAndPasswordControlPanel", "UsernameAndPasswordControlPanel\UsernameAndPasswordControlPanel.csproj", "{7F74140D-940F-4C9A-A896-C13340A92BB3}"
EndProject
Global
	GlobalSection(SolutionConfigurationPlatforms) = preSolution
		Debug|Any CPU = Debug|Any CPU
		Release|Any CPU = Release|Any CPU
	EndGlobalSection
	GlobalSection(ProjectConfigurationPlatforms) = postSolution
		{7F74140D-940F-4C9A-A896-C13340A92BB3}.Debug|Any CPU.ActiveCfg = Debug|Any CPU
		{7F74140D-940F-4C9A-A896-C13340A92BB3}.Debug|Any CPU.Build.0 = Debug|Any CPU
		{7F74140D-940F-4C9A-A896-C13340A92BB3}.Release|Any CPU.ActiveCfg = Release|Any CPU
		{7F74140D-940F-4C9A-A896-C13340A92BB3}.Release|Any CPU.Build.0 = Release|Any CPU
	EndGlobalSection
	GlobalSection(SolutionProperties) = preSolution
		HideSolutionNode = FALSE
	EndGlobalSection
	GlobalSection(ExtensibilityGlobals) = postSolution
		SolutionGuid = {A354FA97-8B28-4419-A436-28B0616D3AE5}
	EndGlobalSection
EndGlobal
